
Microsoft Visual Studio Solution File, Format Version 12.00
# Visual Studio 2013
VisualStudioVersion = 12.0.21005.1
MinimumVisualStudioVersion = 10.0.40219.1
Project("{FAE04EC0-301F-11D3-BF4B-00C04F79EFBC}") = "Uniquify.it", "Uniquify.it\Uniquify.it.csproj", "{4791C2CB-4F8B-4CFF-9E85-526FFEF088D7}"
EndProject
Project("{FAE04EC0-301F-11D3-BF4B-00C04F79EFBC}") = "Uniquify.it.Tests", "Uniquify.it.Tests\Uniquify.it.Tests.csproj", "{839CD9F2-51A1-4C8B-B46B-314E19246A81}"
EndProject
Project("{FAE04EC0-301F-11D3-BF4B-00C04F79EFBC}") = "Uniquify.js", "Uniquify.js\Uniquify.js.csproj", "{FFF2BEB1-43EC-4108-A3FC-3C5FF3F46C42}"
EndProject
Project("{FAE04EC0-301F-11D3-BF4B-00C04F79EFBC}") = "Uniquify.js.Tests", "Uniquify.js.Tests\Uniquify.js.Tests.csproj", "{3C2B3727-B375-4CA5-94EF-A28B30555FC8}"
EndProject
Global
	GlobalSection(SolutionConfigurationPlatforms) = preSolution
		Debug|Any CPU = Debug|Any CPU
		Release|Any CPU = Release|Any CPU
	EndGlobalSection
	GlobalSection(ProjectConfigurationPlatforms) = postSolution
		{4791C2CB-4F8B-4CFF-9E85-526FFEF088D7}.Debug|Any CPU.ActiveCfg = Debug|Any CPU
		{4791C2CB-4F8B-4CFF-9E85-526FFEF088D7}.Debug|Any CPU.Build.0 = Debug|Any CPU
		{4791C2CB-4F8B-4CFF-9E85-526FFEF088D7}.Release|Any CPU.ActiveCfg = Release|Any CPU
		{4791C2CB-4F8B-4CFF-9E85-526FFEF088D7}.Release|Any CPU.Build.0 = Release|Any CPU
		{839CD9F2-51A1-4C8B-B46B-314E19246A81}.Debug|Any CPU.ActiveCfg = Debug|Any CPU
		{839CD9F2-51A1-4C8B-B46B-314E19246A81}.Debug|Any CPU.Build.0 = Debug|Any CPU
		{839CD9F2-51A1-4C8B-B46B-314E19246A81}.Release|Any CPU.ActiveCfg = Release|Any CPU
		{839CD9F2-51A1-4C8B-B46B-314E19246A81}.Release|Any CPU.Build.0 = Release|Any CPU
		{FFF2BEB1-43EC-4108-A3FC-3C5FF3F46C42}.Debug|Any CPU.ActiveCfg = Debug|Any CPU
		{FFF2BEB1-43EC-4108-A3FC-3C5FF3F46C42}.Debug|Any CPU.Build.0 = Debug|Any CPU
		{FFF2BEB1-43EC-4108-A3FC-3C5FF3F46C42}.Release|Any CPU.ActiveCfg = Release|Any CPU
		{FFF2BEB1-43EC-4108-A3FC-3C5FF3F46C42}.Release|Any CPU.Build.0 = Release|Any CPU
		{3C2B3727-B375-4CA5-94EF-A28B30555FC8}.Debug|Any CPU.ActiveCfg = Debug|Any CPU
		{3C2B3727-B375-4CA5-94EF-A28B30555FC8}.Debug|Any CPU.Build.0 = Debug|Any CPU
		{3C2B3727-B375-4CA5-94EF-A28B30555FC8}.Release|Any CPU.ActiveCfg = Release|Any CPU
		{3C2B3727-B375-4CA5-94EF-A28B30555FC8}.Release|Any CPU.Build.0 = Release|Any CPU
	EndGlobalSection
	GlobalSection(SolutionProperties) = preSolution
		HideSolutionNode = FALSE
	EndGlobalSection
EndGlobal
